
Microsoft Visual Studio Solution File, Format Version 12.00
# Visual Studio Version 17
VisualStudioVersion = 17.4.33213.308
MinimumVisualStudioVersion = 10.0.40219.1
Project("{FAE04EC0-301F-11D3-BF4B-00C04F79EFBC}") = "SampleApp.Web", "SampleApp.Web\SampleApp.Web.csproj", "{5E20AA7D-FC58-49EA-B9E6-5E490391B352}"
EndProject
Project("{FAE04EC0-301F-11D3-BF4B-00C04F79EFBC}") = "SampleApp.API", "SampleApp.API\SampleApp.API.csproj", "{B897CBE3-4C78-4C3F-A1ED-709D38DA8616}"
EndProject
Global
	GlobalSection(SolutionConfigurationPlatforms) = preSolution
		Debug|Any CPU = Debug|Any CPU
		Release|Any CPU = Release|Any CPU
	EndGlobalSection
	GlobalSection(ProjectConfigurationPlatforms) = postSolution
		{5E20AA7D-FC58-49EA-B9E6-5E490391B352}.Debug|Any CPU.ActiveCfg = Debug|Any CPU
		{5E20AA7D-FC58-49EA-B9E6-5E490391B352}.Debug|Any CPU.Build.0 = Debug|Any CPU
		{5E20AA7D-FC58-49EA-B9E6-5E490391B352}.Release|Any CPU.ActiveCfg = Release|Any CPU
		{5E20AA7D-FC58-49EA-B9E6-5E490391B352}.Release|Any CPU.Build.0 = Release|Any CPU
		{B897CBE3-4C78-4C3F-A1ED-709D38DA8616}.Debug|Any CPU.ActiveCfg = Debug|Any CPU
		{B897CBE3-4C78-4C3F-A1ED-709D38DA8616}.Debug|Any CPU.Build.0 = Debug|Any CPU
		{B897CBE3-4C78-4C3F-A1ED-709D38DA8616}.Release|Any CPU.ActiveCfg = Release|Any CPU
		{B897CBE3-4C78-4C3F-A1ED-709D38DA8616}.Release|Any CPU.Build.0 = Release|Any CPU
	EndGlobalSection
	GlobalSection(SolutionProperties) = preSolution
		HideSolutionNode = FALSE
	EndGlobalSection
	GlobalSection(ExtensibilityGlobals) = postSolution
		SolutionGuid = {43A31131-A54F-4A4F-9DCD-6AC51E6C6871}
	EndGlobalSection
EndGlobal
